
Microsoft Visual Studio Solution File, Format Version 12.00
# Visual Studio Version 17
VisualStudioVersion = 17.0.31903.59
MinimumVisualStudioVersion = 10.0.40219.1
Project("{FAE04EC0-301F-11D3-BF4B-00C04F79EFBC}") = "YoruApp.Application", "YoruApp.Application\YoruApp.Application.csproj", "{026CB1AE-6A61-4F72-AD44-323825F8CD89}"
EndProject
Project("{FAE04EC0-301F-11D3-BF4B-00C04F79EFBC}") = "YoruApp.Desktop", "YoruApp.Desktop\YoruApp.Desktop.csproj", "{F6390D68-679A-4497-ADCB-7128429C266A}"
EndProject
Global
	GlobalSection(SolutionConfigurationPlatforms) = preSolution
		Debug|Any CPU = Debug|Any CPU
		Release|Any CPU = Release|Any CPU
	EndGlobalSection
	GlobalSection(SolutionProperties) = preSolution
		HideSolutionNode = FALSE
	EndGlobalSection
	GlobalSection(ProjectConfigurationPlatforms) = postSolution
		{026CB1AE-6A61-4F72-AD44-323825F8CD89}.Debug|Any CPU.ActiveCfg = Debug|Any CPU
		{026CB1AE-6A61-4F72-AD44-323825F8CD89}.Debug|Any CPU.Build.0 = Debug|Any CPU
		{026CB1AE-6A61-4F72-AD44-323825F8CD89}.Release|Any CPU.ActiveCfg = Release|Any CPU
		{026CB1AE-6A61-4F72-AD44-323825F8CD89}.Release|Any CPU.Build.0 = Release|Any CPU
		{F6390D68-679A-4497-ADCB-7128429C266A}.Debug|Any CPU.ActiveCfg = Debug|Any CPU
		{F6390D68-679A-4497-ADCB-7128429C266A}.Debug|Any CPU.Build.0 = Debug|Any CPU
		{F6390D68-679A-4497-ADCB-7128429C266A}.Release|Any CPU.ActiveCfg = Release|Any CPU
		{F6390D68-679A-4497-ADCB-7128429C266A}.Release|Any CPU.Build.0 = Release|Any CPU
	EndGlobalSection
EndGlobal
