
Microsoft Visual Studio Solution File, Format Version 12.00
# Visual Studio Version 17
VisualStudioVersion = 17.5.002.0
MinimumVisualStudioVersion = 10.0.40219.1
Project("{9A19103F-16F7-4668-BE54-9A1E7A4F7556}") = "graphics", "graphics.csproj", "{0660A369-033B-4A60-8EBA-90C162CB0CFE}"
EndProject
Global
	GlobalSection(SolutionConfigurationPlatforms) = preSolution
		Debug|Any CPU = Debug|Any CPU
		Release|Any CPU = Release|Any CPU
	EndGlobalSection
	GlobalSection(ProjectConfigurationPlatforms) = postSolution
		{0660A369-033B-4A60-8EBA-90C162CB0CFE}.Debug|Any CPU.ActiveCfg = Debug|Any CPU
		{0660A369-033B-4A60-8EBA-90C162CB0CFE}.Debug|Any CPU.Build.0 = Debug|Any CPU
		{0660A369-033B-4A60-8EBA-90C162CB0CFE}.Release|Any CPU.ActiveCfg = Release|Any CPU
		{0660A369-033B-4A60-8EBA-90C162CB0CFE}.Release|Any CPU.Build.0 = Release|Any CPU
	EndGlobalSection
	GlobalSection(SolutionProperties) = preSolution
		HideSolutionNode = FALSE
	EndGlobalSection
	GlobalSection(ExtensibilityGlobals) = postSolution
		SolutionGuid = {5B3DA271-0896-4FAB-9C12-068D3EBF77D7}
	EndGlobalSection
EndGlobal
